
Microsoft Visual Studio Solution File, Format Version 12.00
# Visual Studio Version 17
VisualStudioVersion = 17.7.34031.279
MinimumVisualStudioVersion = 10.0.40219.1
Project("{FAE04EC0-301F-11D3-BF4B-00C04F79EFBC}") = "Intranet", "Intranet.csproj", "{81E9E797-7128-44F1-BF5D-9CC4F14EE01D}"
EndProject
Global
	GlobalSection(SolutionConfigurationPlatforms) = preSolution
		Debug|Any CPU = Debug|Any CPU
		Release|Any CPU = Release|Any CPU
	EndGlobalSection
	GlobalSection(ProjectConfigurationPlatforms) = postSolution
		{81E9E797-7128-44F1-BF5D-9CC4F14EE01D}.Debug|Any CPU.ActiveCfg = Debug|Any CPU
		{81E9E797-7128-44F1-BF5D-9CC4F14EE01D}.Debug|Any CPU.Build.0 = Debug|Any CPU
		{81E9E797-7128-44F1-BF5D-9CC4F14EE01D}.Release|Any CPU.ActiveCfg = Release|Any CPU
		{81E9E797-7128-44F1-BF5D-9CC4F14EE01D}.Release|Any CPU.Build.0 = Release|Any CPU
	EndGlobalSection
	GlobalSection(SolutionProperties) = preSolution
		HideSolutionNode = FALSE
	EndGlobalSection
	GlobalSection(ExtensibilityGlobals) = postSolution
		SolutionGuid = {D9C7645B-EDBD-45DC-A276-E812C327FEB0}
	EndGlobalSection
EndGlobal
